
Microsoft Visual Studio Solution File, Format Version 12.00
# Visual Studio Version 16
VisualStudioVersion = 16.0.30413.136
MinimumVisualStudioVersion = 10.0.40219.1
Project("{2150E333-8FDC-42A3-9474-1A3956D46DE8}") = "Solution Items", "Solution Items", "{3481D7F1-7B72-4F6E-8D06-45B1D9B0FC7C}"
EndProject
Project("{FAE04EC0-301F-11D3-BF4B-00C04F79EFBC}") = "Zork.Builder", "Zork.Builder\Zork.Builder.csproj", "{7BD11F2F-2868-4D05-A794-6DF039F26776}"
EndProject
Project("{9A19103F-16F7-4668-BE54-9A1E7A4F7556}") = "Zork.Common", "Zork.Common\Zork.Common.csproj", "{4C894455-A61C-4959-B829-8372A20AFA2F}"
EndProject
Project("{9A19103F-16F7-4668-BE54-9A1E7A4F7556}") = "Zork.Console", "Zork.Console\Zork.Console.csproj", "{581B311F-268C-410E-9639-04396C67A6B6}"
EndProject
Global
	GlobalSection(SolutionConfigurationPlatforms) = preSolution
		Debug|Any CPU = Debug|Any CPU
		Release|Any CPU = Release|Any CPU
	EndGlobalSection
	GlobalSection(ProjectConfigurationPlatforms) = postSolution
		{7BD11F2F-2868-4D05-A794-6DF039F26776}.Debug|Any CPU.ActiveCfg = Debug|Any CPU
		{7BD11F2F-2868-4D05-A794-6DF039F26776}.Debug|Any CPU.Build.0 = Debug|Any CPU
		{7BD11F2F-2868-4D05-A794-6DF039F26776}.Release|Any CPU.ActiveCfg = Release|Any CPU
		{7BD11F2F-2868-4D05-A794-6DF039F26776}.Release|Any CPU.Build.0 = Release|Any CPU
		{4C894455-A61C-4959-B829-8372A20AFA2F}.Debug|Any CPU.ActiveCfg = Debug|Any CPU
		{4C894455-A61C-4959-B829-8372A20AFA2F}.Debug|Any CPU.Build.0 = Debug|Any CPU
		{4C894455-A61C-4959-B829-8372A20AFA2F}.Release|Any CPU.ActiveCfg = Release|Any CPU
		{4C894455-A61C-4959-B829-8372A20AFA2F}.Release|Any CPU.Build.0 = Release|Any CPU
		{581B311F-268C-410E-9639-04396C67A6B6}.Debug|Any CPU.ActiveCfg = Debug|Any CPU
		{581B311F-268C-410E-9639-04396C67A6B6}.Debug|Any CPU.Build.0 = Debug|Any CPU
		{581B311F-268C-410E-9639-04396C67A6B6}.Release|Any CPU.ActiveCfg = Release|Any CPU
		{581B311F-268C-410E-9639-04396C67A6B6}.Release|Any CPU.Build.0 = Release|Any CPU
	EndGlobalSection
	GlobalSection(SolutionProperties) = preSolution
		HideSolutionNode = FALSE
	EndGlobalSection
	GlobalSection(ExtensibilityGlobals) = postSolution
		SolutionGuid = {BE1225E6-3C3A-4BEE-991A-7518AFEFDDC6}
	EndGlobalSection
EndGlobal
